
Microsoft Visual Studio Solution File, Format Version 12.00
# Visual Studio Version 17
VisualStudioVersion = 17.14.36203.30
MinimumVisualStudioVersion = 10.0.40219.1
Project("{FAE04EC0-301F-11D3-BF4B-00C04F79EFBC}") = "DineEase", "DineEase\DineEase.csproj", "{C8E73D1B-FA6F-4A00-B010-AD6F75E5871E}"
EndProject
Global
	GlobalSection(SolutionConfigurationPlatforms) = preSolution
		Debug|Any CPU = Debug|Any CPU
		Release|Any CPU = Release|Any CPU
	EndGlobalSection
	GlobalSection(ProjectConfigurationPlatforms) = postSolution
		{C8E73D1B-FA6F-4A00-B010-AD6F75E5871E}.Debug|Any CPU.ActiveCfg = Debug|Any CPU
		{C8E73D1B-FA6F-4A00-B010-AD6F75E5871E}.Debug|Any CPU.Build.0 = Debug|Any CPU
		{C8E73D1B-FA6F-4A00-B010-AD6F75E5871E}.Release|Any CPU.ActiveCfg = Release|Any CPU
		{C8E73D1B-FA6F-4A00-B010-AD6F75E5871E}.Release|Any CPU.Build.0 = Release|Any CPU
	EndGlobalSection
	GlobalSection(SolutionProperties) = preSolution
		HideSolutionNode = FALSE
	EndGlobalSection
	GlobalSection(ExtensibilityGlobals) = postSolution
		SolutionGuid = {672381B8-863E-4296-818B-945FA2BB4400}
	EndGlobalSection
EndGlobal
